
Microsoft Visual Studio Solution File, Format Version 12.00
# Visual Studio Version 18
VisualStudioVersion = 18.6.11822.322
MinimumVisualStudioVersion = 10.0.40219.1
Project("{2150E333-8FDC-42A3-9474-1A3956D46DE8}") = "Modules", "Modules", "{ACD2199A-FD59-48CE-9A5E-4B44CA3DBD5E}"
EndProject
Project("{2150E333-8FDC-42A3-9474-1A3956D46DE8}") = "Kingdom Hearts II", "Kingdom Hearts II", "{B6283B61-0FF0-48A3-86BD-0D5962F7D5A3}"
EndProject
Project("{8BC9CEB8-8B4A-11D0-8D11-00A0C91BC942}") = "ReFined.KH2", "ReFined.KH2\ReFined.KH2.vcxproj", "{200A7330-E871-4CD0-A8CF-B48AB4E1625B}"
EndProject
Project("{8BC9CEB8-8B4A-11D0-8D11-00A0C91BC942}") = "ModuleRF-Autoattack", "ReFined.KH2\modules\ModuleRF-Autoattack\ModuleRF-Autoattack.vcxproj", "{EC29DF98-273A-4D5F-9BAB-419C9EE7903D}"
EndProject
Project("{8BC9CEB8-8B4A-11D0-8D11-00A0C91BC942}") = "ModuleRF-EncounterPlus", "ReFined.KH2\modules\ModuleRF-EncounterPlus\ModuleRF-EncounterPlus.vcxproj", "{B917744F-65A0-4A2B-8757-D9C5B8C1401F}"
EndProject
Project("{8BC9CEB8-8B4A-11D0-8D11-00A0C91BC942}") = "ModuleRF-PrologueSkip", "ReFined.KH2\modules\ModuleRF-PrologueSkip\ModuleRF-PrologueSkip.vcxproj", "{9BFA5269-F44B-47A3-8537-921E57C82C06}"
EndProject
Project("{8BC9CEB8-8B4A-11D0-8D11-00A0C91BC942}") = "ModuleRF-ShortcutForms", "ReFined.KH2\modules\ModuleRF-ShortcutForms\ModuleRF-ShortcutForms.vcxproj", "{619FFFC8-1E93-40AD-8CD6-000ABD23B240}"
EndProject
Project("{2150E333-8FDC-42A3-9474-1A3956D46DE8}") = "Projects", "Projects", "{02EA681E-C7D8-13C7-8484-4AC65E1B71E8}"
EndProject
Project("{8BC9CEB8-8B4A-11D0-8D11-00A0C91BC942}") = "ModuleRF-ShortcutSetsKH3", "ReFined.KH2\modules\ModuleRF-ShortcutSetsKH3\ModuleRF-ShortcutSetsKH3.vcxproj", "{24566EF9-5F5F-4A42-AF75-2BB2F89BBBB2}"
EndProject
Project("{8BC9CEB8-8B4A-11D0-8D11-00A0C91BC942}") = "ModuleRF-ShortcutSetsRF", "ReFined.KH2\modules\ModuleRF-ShortcutSetsRF\ModuleRF-ShortcutSetsRF.vcxproj", "{E56E0D07-3F8E-4CF9-93F6-04509089BF98}"
EndProject
Global
	GlobalSection(SolutionConfigurationPlatforms) = preSolution
		Debug [AP_LITE]|x64 = Debug [AP_LITE]|x64
		Debug [AP_LITE]|x86 = Debug [AP_LITE]|x86
		Debug [ARCHIPELAGO]|x64 = Debug [ARCHIPELAGO]|x64
		Debug [ARCHIPELAGO]|x86 = Debug [ARCHIPELAGO]|x86
		Debug|x64 = Debug|x64
		Debug|x86 = Debug|x86
		Release [AP_LITE]|x64 = Release [AP_LITE]|x64
		Release [AP_LITE]|x86 = Release [AP_LITE]|x86
		Release [ARCHIPELAGO]|x64 = Release [ARCHIPELAGO]|x64
		Release [ARCHIPELAGO]|x86 = Release [ARCHIPELAGO]|x86
		Release|x64 = Release|x64
		Release|x86 = Release|x86
	EndGlobalSection
	GlobalSection(ProjectConfigurationPlatforms) = postSolution
		{200A7330-E871-4CD0-A8CF-B48AB4E1625B}.Debug [AP_LITE]|x64.ActiveCfg = Debug [AP_LITE]|x64
		{200A7330-E871-4CD0-A8CF-B48AB4E1625B}.Debug [AP_LITE]|x64.Build.0 = Debug [AP_LITE]|x64
		{200A7330-E871-4CD0-A8CF-B48AB4E1625B}.Debug [AP_LITE]|x86.ActiveCfg = Debug [AP_LITE]|Win32
		{200A7330-E871-4CD0-A8CF-B48AB4E1625B}.Debug [AP_LITE]|x86.Build.0 = Debug [AP_LITE]|Win32
		{200A7330-E871-4CD0-A8CF-B48AB4E1625B}.Debug [ARCHIPELAGO]|x64.ActiveCfg = Debug [ARCHIPELAGO]|x64
		{200A7330-E871-4CD0-A8CF-B48AB4E1625B}.Debug [ARCHIPELAGO]|x64.Build.0 = Debug [ARCHIPELAGO]|x64
		{200A7330-E871-4CD0-A8CF-B48AB4E1625B}.Debug [ARCHIPELAGO]|x86.ActiveCfg = Debug [ARCHIPELAGO]|Win32
		{200A7330-E871-4CD0-A8CF-B48AB4E1625B}.Debug [ARCHIPELAGO]|x86.Build.0 = Debug [ARCHIPELAGO]|Win32
		{200A7330-E871-4CD0-A8CF-B48AB4E1625B}.Debug|x64.ActiveCfg = Debug|x64
		{200A7330-E871-4CD0-A8CF-B48AB4E1625B}.Debug|x64.Build.0 = Debug|x64
		{200A7330-E871-4CD0-A8CF-B48AB4E1625B}.Debug|x86.ActiveCfg = Debug|Win32
		{200A7330-E871-4CD0-A8CF-B48AB4E1625B}.Debug|x86.Build.0 = Debug|Win32
		{200A7330-E871-4CD0-A8CF-B48AB4E1625B}.Release [AP_LITE]|x64.ActiveCfg = Release [AP_LITE]|x64
		{200A7330-E871-4CD0-A8CF-B48AB4E1625B}.Release [AP_LITE]|x64.Build.0 = Release [AP_LITE]|x64
		{200A7330-E871-4CD0-A8CF-B48AB4E1625B}.Release [AP_LITE]|x86.ActiveCfg = Release [AP_LITE]|Win32
		{200A7330-E871-4CD0-A8CF-B48AB4E1625B}.Release [AP_LITE]|x86.Build.0 = Release [AP_LITE]|Win32
		{200A7330-E871-4CD0-A8CF-B48AB4E1625B}.Release [ARCHIPELAGO]|x64.ActiveCfg = Release [ARCHIPELAGO]|x64
		{200A7330-E871-4CD0-A8CF-B48AB4E1625B}.Release [ARCHIPELAGO]|x64.Build.0 = Release [ARCHIPELAGO]|x64
		{200A7330-E871-4CD0-A8CF-B48AB4E1625B}.Release [ARCHIPELAGO]|x86.ActiveCfg = Release [ARCHIPELAGO]|Win32
		{200A7330-E871-4CD0-A8CF-B48AB4E1625B}.Release [ARCHIPELAGO]|x86.Build.0 = Release [ARCHIPELAGO]|Win32
		{200A7330-E871-4CD0-A8CF-B48AB4E1625B}.Release|x64.ActiveCfg = Release|x64
		{200A7330-E871-4CD0-A8CF-B48AB4E1625B}.Release|x64.Build.0 = Release|x64
		{200A7330-E871-4CD0-A8CF-B48AB4E1625B}.Release|x86.ActiveCfg = Release|Win32
		{200A7330-E871-4CD0-A8CF-B48AB4E1625B}.Release|x86.Build.0 = Release|Win32
		{EC29DF98-273A-4D5F-9BAB-419C9EE7903D}.Debug [AP_LITE]|x64.ActiveCfg = Debug|x64
		{EC29DF98-273A-4D5F-9BAB-419C9EE7903D}.Debug [AP_LITE]|x86.ActiveCfg = Debug [AP_LITE]|x64
		{EC29DF98-273A-4D5F-9BAB-419C9EE7903D}.Debug [ARCHIPELAGO]|x64.ActiveCfg = Debug [ARCHIPELAGO]|x64
		{EC29DF98-273A-4D5F-9BAB-419C9EE7903D}.Debug [ARCHIPELAGO]|x86.ActiveCfg = Debug [ARCHIPELAGO]|Win32
		{EC29DF98-273A-4D5F-9BAB-419C9EE7903D}.Debug [ARCHIPELAGO]|x86.Build.0 = Debug [ARCHIPELAGO]|Win32
		{EC29DF98-273A-4D5F-9BAB-419C9EE7903D}.Debug|x64.ActiveCfg = Debug|x64
		{EC29DF98-273A-4D5F-9BAB-419C9EE7903D}.Debug|x64.Build.0 = Debug|x64
		{EC29DF98-273A-4D5F-9BAB-419C9EE7903D}.Debug|x86.ActiveCfg = Debug|Win32
		{EC29DF98-273A-4D5F-9BAB-419C9EE7903D}.Debug|x86.Build.0 = Debug|Win32
		{EC29DF98-273A-4D5F-9BAB-419C9EE7903D}.Release [AP_LITE]|x64.ActiveCfg = Release|x64
		{EC29DF98-273A-4D5F-9BAB-419C9EE7903D}.Release [AP_LITE]|x86.ActiveCfg = Release|Win32
		{EC29DF98-273A-4D5F-9BAB-419C9EE7903D}.Release [ARCHIPELAGO]|x64.ActiveCfg = Release|x64
		{EC29DF98-273A-4D5F-9BAB-419C9EE7903D}.Release [ARCHIPELAGO]|x86.ActiveCfg = Release|Win32
		{EC29DF98-273A-4D5F-9BAB-419C9EE7903D}.Release|x64.ActiveCfg = Release|x64
		{EC29DF98-273A-4D5F-9BAB-419C9EE7903D}.Release|x64.Build.0 = Release|x64
		{EC29DF98-273A-4D5F-9BAB-419C9EE7903D}.Release|x86.ActiveCfg = Release|Win32
		{EC29DF98-273A-4D5F-9BAB-419C9EE7903D}.Release|x86.Build.0 = Release|Win32
		{B917744F-65A0-4A2B-8757-D9C5B8C1401F}.Debug [AP_LITE]|x64.ActiveCfg = Debug|x64
		{B917744F-65A0-4A2B-8757-D9C5B8C1401F}.Debug [AP_LITE]|x86.ActiveCfg = Debug|Win32
		{B917744F-65A0-4A2B-8757-D9C5B8C1401F}.Debug [ARCHIPELAGO]|x64.ActiveCfg = Debug|x64
		{B917744F-65A0-4A2B-8757-D9C5B8C1401F}.Debug [ARCHIPELAGO]|x86.ActiveCfg = Debug|Win32
		{B917744F-65A0-4A2B-8757-D9C5B8C1401F}.Debug|x64.ActiveCfg = Debug|x64
		{B917744F-65A0-4A2B-8757-D9C5B8C1401F}.Debug|x64.Build.0 = Debug|x64
		{B917744F-65A0-4A2B-8757-D9C5B8C1401F}.Debug|x86.ActiveCfg = Debug|Win32
		{B917744F-65A0-4A2B-8757-D9C5B8C1401F}.Debug|x86.Build.0 = Debug|Win32
		{B917744F-65A0-4A2B-8757-D9C5B8C1401F}.Release [AP_LITE]|x64.ActiveCfg = Release|x64
		{B917744F-65A0-4A2B-8757-D9C5B8C1401F}.Release [AP_LITE]|x86.ActiveCfg = Release|Win32
		{B917744F-65A0-4A2B-8757-D9C5B8C1401F}.Release [ARCHIPELAGO]|x64.ActiveCfg = Release|x64
		{B917744F-65A0-4A2B-8757-D9C5B8C1401F}.Release [ARCHIPELAGO]|x86.ActiveCfg = Release|Win32
		{B917744F-65A0-4A2B-8757-D9C5B8C1401F}.Release|x64.ActiveCfg = Release|x64
		{B917744F-65A0-4A2B-8757-D9C5B8C1401F}.Release|x64.Build.0 = Release|x64
		{B917744F-65A0-4A2B-8757-D9C5B8C1401F}.Release|x86.ActiveCfg = Release|Win32
		{B917744F-65A0-4A2B-8757-D9C5B8C1401F}.Release|x86.Build.0 = Release|Win32
		{9BFA5269-F44B-47A3-8537-921E57C82C06}.Debug [AP_LITE]|x64.ActiveCfg = Debug|x64
		{9BFA5269-F44B-47A3-8537-921E57C82C06}.Debug [AP_LITE]|x86.ActiveCfg = Debug|Win32
		{9BFA5269-F44B-47A3-8537-921E57C82C06}.Debug [ARCHIPELAGO]|x64.ActiveCfg = Debug|x64
		{9BFA5269-F44B-47A3-8537-921E57C82C06}.Debug [ARCHIPELAGO]|x86.ActiveCfg = Debug|Win32
		{9BFA5269-F44B-47A3-8537-921E57C82C06}.Debug|x64.ActiveCfg = Debug|x64
		{9BFA5269-F44B-47A3-8537-921E57C82C06}.Debug|x64.Build.0 = Debug|x64
		{9BFA5269-F44B-47A3-8537-921E57C82C06}.Debug|x86.ActiveCfg = Debug|Win32
		{9BFA5269-F44B-47A3-8537-921E57C82C06}.Debug|x86.Build.0 = Debug|Win32
		{9BFA5269-F44B-47A3-8537-921E57C82C06}.Release [AP_LITE]|x64.ActiveCfg = Release|x64
		{9BFA5269-F44B-47A3-8537-921E57C82C06}.Release [AP_LITE]|x86.ActiveCfg = Release|Win32
		{9BFA5269-F44B-47A3-8537-921E57C82C06}.Release [ARCHIPELAGO]|x64.ActiveCfg = Release|x64
		{9BFA5269-F44B-47A3-8537-921E57C82C06}.Release [ARCHIPELAGO]|x86.ActiveCfg = Release|Win32
		{9BFA5269-F44B-47A3-8537-921E57C82C06}.Release|x64.ActiveCfg = Release|x64
		{9BFA5269-F44B-47A3-8537-921E57C82C06}.Release|x64.Build.0 = Release|x64
		{9BFA5269-F44B-47A3-8537-921E57C82C06}.Release|x86.ActiveCfg = Release|Win32
		{9BFA5269-F44B-47A3-8537-921E57C82C06}.Release|x86.Build.0 = Release|Win32
		{619FFFC8-1E93-40AD-8CD6-000ABD23B240}.Debug [AP_LITE]|x64.ActiveCfg = Debug|x64
		{619FFFC8-1E93-40AD-8CD6-000ABD23B240}.Debug [AP_LITE]|x86.ActiveCfg = Debug|Win32
		{619FFFC8-1E93-40AD-8CD6-000ABD23B240}.Debug [ARCHIPELAGO]|x64.ActiveCfg = Debug|x64
		{619FFFC8-1E93-40AD-8CD6-000ABD23B240}.Debug [ARCHIPELAGO]|x86.ActiveCfg = Debug|Win32
		{619FFFC8-1E93-40AD-8CD6-000ABD23B240}.Debug|x64.ActiveCfg = Debug|x64
		{619FFFC8-1E93-40AD-8CD6-000ABD23B240}.Debug|x64.Build.0 = Debug|x64
		{619FFFC8-1E93-40AD-8CD6-000ABD23B240}.Debug|x86.ActiveCfg = Debug|Win32
		{619FFFC8-1E93-40AD-8CD6-000ABD23B240}.Debug|x86.Build.0 = Debug|Win32
		{619FFFC8-1E93-40AD-8CD6-000ABD23B240}.Release [AP_LITE]|x64.ActiveCfg = Release|x64
		{619FFFC8-1E93-40AD-8CD6-000ABD23B240}.Release [AP_LITE]|x86.ActiveCfg = Release|Win32
		{619FFFC8-1E93-40AD-8CD6-000ABD23B240}.Release [ARCHIPELAGO]|x64.ActiveCfg = Release|x64
		{619FFFC8-1E93-40AD-8CD6-000ABD23B240}.Release [ARCHIPELAGO]|x86.ActiveCfg = Release|Win32
		{619FFFC8-1E93-40AD-8CD6-000ABD23B240}.Release|x64.ActiveCfg = Release|x64
		{619FFFC8-1E93-40AD-8CD6-000ABD23B240}.Release|x64.Build.0 = Release|x64
		{619FFFC8-1E93-40AD-8CD6-000ABD23B240}.Release|x86.ActiveCfg = Release|Win32
		{619FFFC8-1E93-40AD-8CD6-000ABD23B240}.Release|x86.Build.0 = Release|Win32
		{437B1C71-BFE4-44EA-B8BB-BC5983D7AF4C}.Debug [AP_LITE]|x64.ActiveCfg = Debug|x64
		{437B1C71-BFE4-44EA-B8BB-BC5983D7AF4C}.Debug [AP_LITE]|x86.ActiveCfg = Debug|Win32
		{437B1C71-BFE4-44EA-B8BB-BC5983D7AF4C}.Debug [ARCHIPELAGO]|x64.ActiveCfg = Debug|x64
		{437B1C71-BFE4-44EA-B8BB-BC5983D7AF4C}.Debug [ARCHIPELAGO]|x86.ActiveCfg = Debug|Win32
		{437B1C71-BFE4-44EA-B8BB-BC5983D7AF4C}.Debug|x64.ActiveCfg = Debug|x64
		{437B1C71-BFE4-44EA-B8BB-BC5983D7AF4C}.Debug|x64.Build.0 = Debug|x64
		{437B1C71-BFE4-44EA-B8BB-BC5983D7AF4C}.Debug|x86.ActiveCfg = Debug|Win32
		{437B1C71-BFE4-44EA-B8BB-BC5983D7AF4C}.Debug|x86.Build.0 = Debug|Win32
		{437B1C71-BFE4-44EA-B8BB-BC5983D7AF4C}.Release [AP_LITE]|x64.ActiveCfg = Release|x64
		{437B1C71-BFE4-44EA-B8BB-BC5983D7AF4C}.Release [AP_LITE]|x86.ActiveCfg = Release|Win32
		{437B1C71-BFE4-44EA-B8BB-BC5983D7AF4C}.Release [ARCHIPELAGO]|x64.ActiveCfg = Release|x64
		{437B1C71-BFE4-44EA-B8BB-BC5983D7AF4C}.Release [ARCHIPELAGO]|x86.ActiveCfg = Release|Win32
		{437B1C71-BFE4-44EA-B8BB-BC5983D7AF4C}.Release|x64.ActiveCfg = Release|x64
		{437B1C71-BFE4-44EA-B8BB-BC5983D7AF4C}.Release|x64.Build.0 = Release|x64
		{437B1C71-BFE4-44EA-B8BB-BC5983D7AF4C}.Release|x86.ActiveCfg = Release|Win32
		{437B1C71-BFE4-44EA-B8BB-BC5983D7AF4C}.Release|x86.Build.0 = Release|Win32
		{24566EF9-5F5F-4A42-AF75-2BB2F89BBBB2}.Debug [AP_LITE]|x64.ActiveCfg = Debug|x64
		{24566EF9-5F5F-4A42-AF75-2BB2F89BBBB2}.Debug [AP_LITE]|x64.Build.0 = Debug|x64
		{24566EF9-5F5F-4A42-AF75-2BB2F89BBBB2}.Debug [AP_LITE]|x86.ActiveCfg = Debug|Win32
		{24566EF9-5F5F-4A42-AF75-2BB2F89BBBB2}.Debug [AP_LITE]|x86.Build.0 = Debug|Win32
		{24566EF9-5F5F-4A42-AF75-2BB2F89BBBB2}.Debug [ARCHIPELAGO]|x64.ActiveCfg = Debug|x64
		{24566EF9-5F5F-4A42-AF75-2BB2F89BBBB2}.Debug [ARCHIPELAGO]|x64.Build.0 = Debug|x64
		{24566EF9-5F5F-4A42-AF75-2BB2F89BBBB2}.Debug [ARCHIPELAGO]|x86.ActiveCfg = Debug|Win32
		{24566EF9-5F5F-4A42-AF75-2BB2F89BBBB2}.Debug [ARCHIPELAGO]|x86.Build.0 = Debug|Win32
		{24566EF9-5F5F-4A42-AF75-2BB2F89BBBB2}.Debug|x64.ActiveCfg = Debug|x64
		{24566EF9-5F5F-4A42-AF75-2BB2F89BBBB2}.Debug|x64.Build.0 = Debug|x64
		{24566EF9-5F5F-4A42-AF75-2BB2F89BBBB2}.Debug|x86.ActiveCfg = Debug|Win32
		{24566EF9-5F5F-4A42-AF75-2BB2F89BBBB2}.Debug|x86.Build.0 = Debug|Win32
		{24566EF9-5F5F-4A42-AF75-2BB2F89BBBB2}.Release [AP_LITE]|x64.ActiveCfg = Release|x64
		{24566EF9-5F5F-4A42-AF75-2BB2F89BBBB2}.Release [AP_LITE]|x64.Build.0 = Release|x64
		{24566EF9-5F5F-4A42-AF75-2BB2F89BBBB2}.Release [AP_LITE]|x86.ActiveCfg = Release|Win32
		{24566EF9-5F5F-4A42-AF75-2BB2F89BBBB2}.Release [AP_LITE]|x86.Build.0 = Release|Win32
		{24566EF9-5F5F-4A42-AF75-2BB2F89BBBB2}.Release [ARCHIPELAGO]|x64.ActiveCfg = Release|x64
		{24566EF9-5F5F-4A42-AF75-2BB2F89BBBB2}.Release [ARCHIPELAGO]|x64.Build.0 = Release|x64
		{24566EF9-5F5F-4A42-AF75-2BB2F89BBBB2}.Release [ARCHIPELAGO]|x86.ActiveCfg = Release|Win32
		{24566EF9-5F5F-4A42-AF75-2BB2F89BBBB2}.Release [ARCHIPELAGO]|x86.Build.0 = Release|Win32
		{24566EF9-5F5F-4A42-AF75-2BB2F89BBBB2}.Release|x64.ActiveCfg = Release|x64
		{24566EF9-5F5F-4A42-AF75-2BB2F89BBBB2}.Release|x64.Build.0 = Release|x64
		{24566EF9-5F5F-4A42-AF75-2BB2F89BBBB2}.Release|x86.ActiveCfg = Release|Win32
		{24566EF9-5F5F-4A42-AF75-2BB2F89BBBB2}.Release|x86.Build.0 = Release|Win32
		{E56E0D07-3F8E-4CF9-93F6-04509089BF98}.Debug [AP_LITE]|x64.ActiveCfg = Debug|x64
		{E56E0D07-3F8E-4CF9-93F6-04509089BF98}.Debug [AP_LITE]|x64.Build.0 = Debug|x64
		{E56E0D07-3F8E-4CF9-93F6-04509089BF98}.Debug [AP_LITE]|x86.ActiveCfg = Debug|Win32
		{E56E0D07-3F8E-4CF9-93F6-04509089BF98}.Debug [AP_LITE]|x86.Build.0 = Debug|Win32
		{E56E0D07-3F8E-4CF9-93F6-04509089BF98}.Debug [ARCHIPELAGO]|x64.ActiveCfg = Debug|x64
		{E56E0D07-3F8E-4CF9-93F6-04509089BF98}.Debug [ARCHIPELAGO]|x64.Build.0 = Debug|x64
		{E56E0D07-3F8E-4CF9-93F6-04509089BF98}.Debug [ARCHIPELAGO]|x86.ActiveCfg = Debug|Win32
		{E56E0D07-3F8E-4CF9-93F6-04509089BF98}.Debug [ARCHIPELAGO]|x86.Build.0 = Debug|Win32
		{E56E0D07-3F8E-4CF9-93F6-04509089BF98}.Debug|x64.ActiveCfg = Debug|x64
		{E56E0D07-3F8E-4CF9-93F6-04509089BF98}.Debug|x64.Build.0 = Debug|x64
		{E56E0D07-3F8E-4CF9-93F6-04509089BF98}.Debug|x86.ActiveCfg = Debug|Win32
		{E56E0D07-3F8E-4CF9-93F6-04509089BF98}.Debug|x86.Build.0 = Debug|Win32
		{E56E0D07-3F8E-4CF9-93F6-04509089BF98}.Release [AP_LITE]|x64.ActiveCfg = Release|x64
		{E56E0D07-3F8E-4CF9-93F6-04509089BF98}.Release [AP_LITE]|x64.Build.0 = Release|x64
		{E56E0D07-3F8E-4CF9-93F6-04509089BF98}.Release [AP_LITE]|x86.ActiveCfg = Release|Win32
		{E56E0D07-3F8E-4CF9-93F6-04509089BF98}.Release [AP_LITE]|x86.Build.0 = Release|Win32
		{E56E0D07-3F8E-4CF9-93F6-04509089BF98}.Release [ARCHIPELAGO]|x64.ActiveCfg = Release|x64
		{E56E0D07-3F8E-4CF9-93F6-04509089BF98}.Release [ARCHIPELAGO]|x64.Build.0 = Release|x64
		{E56E0D07-3F8E-4CF9-93F6-04509089BF98}.Release [ARCHIPELAGO]|x86.ActiveCfg = Release|Win32
		{E56E0D07-3F8E-4CF9-93F6-04509089BF98}.Release [ARCHIPELAGO]|x86.Build.0 = Release|Win32
		{E56E0D07-3F8E-4CF9-93F6-04509089BF98}.Release|x64.ActiveCfg = Release|x64
		{E56E0D07-3F8E-4CF9-93F6-04509089BF98}.Release|x64.Build.0 = Release|x64
		{E56E0D07-3F8E-4CF9-93F6-04509089BF98}.Release|x86.ActiveCfg = Release|Win32
		{E56E0D07-3F8E-4CF9-93F6-04509089BF98}.Release|x86.Build.0 = Release|Win32
		{0532BA06-C100-47CE-AC8A-04C914EE10FA}.Debug [AP_LITE]|x64.ActiveCfg = Debug|x64
		{0532BA06-C100-47CE-AC8A-04C914EE10FA}.Debug [AP_LITE]|x64.Build.0 = Debug|x64
		{0532BA06-C100-47CE-AC8A-04C914EE10FA}.Debug [AP_LITE]|x86.ActiveCfg = Debug|Win32
		{0532BA06-C100-47CE-AC8A-04C914EE10FA}.Debug [AP_LITE]|x86.Build.0 = Debug|Win32
		{0532BA06-C100-47CE-AC8A-04C914EE10FA}.Debug [ARCHIPELAGO]|x64.ActiveCfg = Debug|x64
		{0532BA06-C100-47CE-AC8A-04C914EE10FA}.Debug [ARCHIPELAGO]|x64.Build.0 = Debug|x64
		{0532BA06-C100-47CE-AC8A-04C914EE10FA}.Debug [ARCHIPELAGO]|x86.ActiveCfg = Debug|Win32
		{0532BA06-C100-47CE-AC8A-04C914EE10FA}.Debug [ARCHIPELAGO]|x86.Build.0 = Debug|Win32
		{0532BA06-C100-47CE-AC8A-04C914EE10FA}.Debug|x64.ActiveCfg = Debug|x64
		{0532BA06-C100-47CE-AC8A-04C914EE10FA}.Debug|x64.Build.0 = Debug|x64
		{0532BA06-C100-47CE-AC8A-04C914EE10FA}.Debug|x86.ActiveCfg = Debug|Win32
		{0532BA06-C100-47CE-AC8A-04C914EE10FA}.Debug|x86.Build.0 = Debug|Win32
		{0532BA06-C100-47CE-AC8A-04C914EE10FA}.Release [AP_LITE]|x64.ActiveCfg = Release|x64
		{0532BA06-C100-47CE-AC8A-04C914EE10FA}.Release [AP_LITE]|x64.Build.0 = Release|x64
		{0532BA06-C100-47CE-AC8A-04C914EE10FA}.Release [AP_LITE]|x86.ActiveCfg = Release|Win32
		{0532BA06-C100-47CE-AC8A-04C914EE10FA}.Release [AP_LITE]|x86.Build.0 = Release|Win32
		{0532BA06-C100-47CE-AC8A-04C914EE10FA}.Release [ARCHIPELAGO]|x64.ActiveCfg = Release|x64
		{0532BA06-C100-47CE-AC8A-04C914EE10FA}.Release [ARCHIPELAGO]|x64.Build.0 = Release|x64
		{0532BA06-C100-47CE-AC8A-04C914EE10FA}.Release [ARCHIPELAGO]|x86.ActiveCfg = Release|Win32
		{0532BA06-C100-47CE-AC8A-04C914EE10FA}.Release [ARCHIPELAGO]|x86.Build.0 = Release|Win32
		{0532BA06-C100-47CE-AC8A-04C914EE10FA}.Release|x64.ActiveCfg = Release|x64
		{0532BA06-C100-47CE-AC8A-04C914EE10FA}.Release|x64.Build.0 = Release|x64
		{0532BA06-C100-47CE-AC8A-04C914EE10FA}.Release|x86.ActiveCfg = Release|Win32
		{0532BA06-C100-47CE-AC8A-04C914EE10FA}.Release|x86.Build.0 = Release|Win32
	EndGlobalSection
	GlobalSection(SolutionProperties) = preSolution
		HideSolutionNode = FALSE
	EndGlobalSection
	GlobalSection(NestedProjects) = preSolution
		{B6283B61-0FF0-48A3-86BD-0D5962F7D5A3} = {ACD2199A-FD59-48CE-9A5E-4B44CA3DBD5E}
		{200A7330-E871-4CD0-A8CF-B48AB4E1625B} = {02EA681E-C7D8-13C7-8484-4AC65E1B71E8}
		{EC29DF98-273A-4D5F-9BAB-419C9EE7903D} = {B6283B61-0FF0-48A3-86BD-0D5962F7D5A3}
		{B917744F-65A0-4A2B-8757-D9C5B8C1401F} = {B6283B61-0FF0-48A3-86BD-0D5962F7D5A3}
		{9BFA5269-F44B-47A3-8537-921E57C82C06} = {B6283B61-0FF0-48A3-86BD-0D5962F7D5A3}
		{619FFFC8-1E93-40AD-8CD6-000ABD23B240} = {B6283B61-0FF0-48A3-86BD-0D5962F7D5A3}
		{24566EF9-5F5F-4A42-AF75-2BB2F89BBBB2} = {B6283B61-0FF0-48A3-86BD-0D5962F7D5A3}
		{E56E0D07-3F8E-4CF9-93F6-04509089BF98} = {B6283B61-0FF0-48A3-86BD-0D5962F7D5A3}
		{74A29D63-DEC5-414D-A0DB-F0FF55FCE1CB} = {ACD2199A-FD59-48CE-9A5E-4B44CA3DBD5E}
		{0532BA06-C100-47CE-AC8A-04C914EE10FA} = {74A29D63-DEC5-414D-A0DB-F0FF55FCE1CB}
	EndGlobalSection
	GlobalSection(ExtensibilityGlobals) = postSolution
		SolutionGuid = {2DE91285-8CA6-4DA5-8119-77CAE76CD110}
	EndGlobalSection
EndGlobal
