<?xml version="1.0" encoding="utf-8"?>
<Project ToolsVersion="4.0" xmlns="http://schemas.microsoft.com/developer/msbuild/2003">
  <ItemGroup>
    <Filter Include="Source Files">
      <UniqueIdentifier>{4FC737F1-C7A5-4376-A066-2A32D752A2FF}</UniqueIdentifier>
      <Extensions>cpp;c;cc;cxx;c++;cppm;ixx;def;odl;idl;hpj;bat;asm;asmx</Extensions>
    </Filter>
    <Filter Include="Header Files">
      <UniqueIdentifier>{93995380-89BD-4b04-88EB-625FBE52EBFB}</UniqueIdentifier>
      <Extensions>h;hh;hpp;hxx;h++;hm;inl;inc;ipp;xsd</Extensions>
    </Filter>
    <Filter Include="Resource Files">
      <UniqueIdentifier>{67DA6AB6-F800-4c08-8B7A-83BB121AAD01}</UniqueIdentifier>
      <Extensions>rc;ico;cur;bmp;dlg;rc2;rct;bin;rgs;gif;jpg;jpeg;jpe;resx;tiff;tif;png;wav;mfcribbon-ms</Extensions>
    </Filter>
    <Filter Include="Header Files\kingdom_internal">
      <UniqueIdentifier>{1566f431-2f77-4551-91cc-c86f8fdfbaaf}</UniqueIdentifier>
    </Filter>
    <Filter Include="Source Files\kingdom_internal">
      <UniqueIdentifier>{3fab1346-0f58-433d-976d-1fd51085d132}</UniqueIdentifier>
    </Filter>
    <Filter Include="Header Files\refined_classes">
      <UniqueIdentifier>{ce854dc9-f3e2-4ac1-a858-3ddde9af991a}</UniqueIdentifier>
    </Filter>
    <Filter Include="Source Files\refined_classes">
      <UniqueIdentifier>{e1d1ed42-0c7c-4f24-ad14-f66582573f71}</UniqueIdentifier>
    </Filter>
    <Filter Include="Header Files\discord_sdk">
      <UniqueIdentifier>{d800a09c-60ce-4ec5-8be9-87c194f24f09}</UniqueIdentifier>
    </Filter>
    <Filter Include="Source Files\discord_sdk">
      <UniqueIdentifier>{40aab078-fac1-4639-ac60-213383834aa3}</UniqueIdentifier>
    </Filter>
  </ItemGroup>
  <ItemGroup>
    <ClInclude Include="include\kingdom\area.h">
      <Filter>Header Files\kingdom_internal</Filter>
    </ClInclude>
    <ClInclude Include="include\kingdom\axa.h">
      <Filter>Header Files\kingdom_internal</Filter>
    </ClInclude>
    <ClInclude Include="include\kingdom\cache_buff.h">
      <Filter>Header Files\kingdom_internal</Filter>
    </ClInclude>
    <ClInclude Include="include\kingdom\cmconfig.h">
      <Filter>Header Files\kingdom_internal</Filter>
    </ClInclude>
    <ClInclude Include="include\kingdom\converter.h">
      <Filter>Header Files\kingdom_internal</Filter>
    </ClInclude>
    <ClInclude Include="include\kingdom\egs.h">
      <Filter>Header Files\kingdom_internal</Filter>
    </ClInclude>
    <ClInclude Include="include\kingdom\event.h">
      <Filter>Header Files\kingdom_internal</Filter>
    </ClInclude>
    <ClInclude Include="include\kingdom\file.h">
      <Filter>Header Files\kingdom_internal</Filter>
    </ClInclude>
    <ClInclude Include="include\kingdom\gauge.h">
      <Filter>Header Files\kingdom_internal</Filter>
    </ClInclude>
    <ClInclude Include="include\kingdom\hardpad.h">
      <Filter>Header Files\kingdom_internal</Filter>
    </ClInclude>
    <ClInclude Include="include\kingdom\information.h">
      <Filter>Header Files\kingdom_internal</Filter>
    </ClInclude>
    <ClInclude Include="include\kingdom\itempic.h">
      <Filter>Header Files\kingdom_internal</Filter>
    </ClInclude>
    <ClInclude Include="include\kingdom\jumpeffect.h">
      <Filter>Header Files\kingdom_internal</Filter>
    </ClInclude>
    <ClInclude Include="include\kingdom\magic.h">
      <Filter>Header Files\kingdom_internal</Filter>
    </ClInclude>
    <ClInclude Include="include\kingdom\member_table.h">
      <Filter>Header Files\kingdom_internal</Filter>
    </ClInclude>
    <ClInclude Include="include\kingdom\menu.h">
      <Filter>Header Files\kingdom_internal</Filter>
    </ClInclude>
    <ClInclude Include="include\kingdom\message.h">
      <Filter>Header Files\kingdom_internal</Filter>
    </ClInclude>
    <ClInclude Include="include\kingdom\pax.h">
      <Filter>Header Files\kingdom_internal</Filter>
    </ClInclude>
    <ClInclude Include="include\kingdom\softreset.h">
      <Filter>Header Files\kingdom_internal</Filter>
    </ClInclude>
    <ClInclude Include="include\kingdom\sora.h">
      <Filter>Header Files\kingdom_internal</Filter>
    </ClInclude>
    <ClInclude Include="include\kingdom\sound.h">
      <Filter>Header Files\kingdom_internal</Filter>
    </ClInclude>
    <ClInclude Include="include\kingdom\steam.h">
      <Filter>Header Files\kingdom_internal</Filter>
    </ClInclude>
    <ClInclude Include="include\kingdom\title.h">
      <Filter>Header Files\kingdom_internal</Filter>
    </ClInclude>
    <ClInclude Include="include\kingdom\treasure_info.h">
      <Filter>Header Files\kingdom_internal</Filter>
    </ClInclude>
    <ClInclude Include="include\kingdom\vsync.h">
      <Filter>Header Files\kingdom_internal</Filter>
    </ClInclude>
    <ClInclude Include="include\discord\activity_manager.h">
      <Filter>Header Files\discord_sdk</Filter>
    </ClInclude>
    <ClInclude Include="include\discord\application_manager.h">
      <Filter>Header Files\discord_sdk</Filter>
    </ClInclude>
    <ClInclude Include="include\discord\core.h">
      <Filter>Header Files\discord_sdk</Filter>
    </ClInclude>
    <ClInclude Include="include\discord\discord.h">
      <Filter>Header Files\discord_sdk</Filter>
    </ClInclude>
    <ClInclude Include="include\discord\event.h">
      <Filter>Header Files\discord_sdk</Filter>
    </ClInclude>
    <ClInclude Include="include\discord\ffi.h">
      <Filter>Header Files\discord_sdk</Filter>
    </ClInclude>
    <ClInclude Include="include\discord\image_manager.h">
      <Filter>Header Files\discord_sdk</Filter>
    </ClInclude>
    <ClInclude Include="include\discord\lobby_manager.h">
      <Filter>Header Files\discord_sdk</Filter>
    </ClInclude>
    <ClInclude Include="include\discord\network_manager.h">
      <Filter>Header Files\discord_sdk</Filter>
    </ClInclude>
    <ClInclude Include="include\discord\overlay_manager.h">
      <Filter>Header Files\discord_sdk</Filter>
    </ClInclude>
    <ClInclude Include="include\discord\relationship_manager.h">
      <Filter>Header Files\discord_sdk</Filter>
    </ClInclude>
    <ClInclude Include="include\discord\storage_manager.h">
      <Filter>Header Files\discord_sdk</Filter>
    </ClInclude>
    <ClInclude Include="include\discord\store_manager.h">
      <Filter>Header Files\discord_sdk</Filter>
    </ClInclude>
    <ClInclude Include="include\discord\types.h">
      <Filter>Header Files\discord_sdk</Filter>
    </ClInclude>
    <ClInclude Include="include\discord\user_manager.h">
      <Filter>Header Files\discord_sdk</Filter>
    </ClInclude>
    <ClInclude Include="include\discord\voice_manager.h">
      <Filter>Header Files\discord_sdk</Filter>
    </ClInclude>
    <ClInclude Include="include\discord\achievement_manager.h">
      <Filter>Header Files\discord_sdk</Filter>
    </ClInclude>
    <ClInclude Include="include\continue_menu.h">
      <Filter>Header Files\refined_classes</Filter>
    </ClInclude>
    <ClInclude Include="include\memorymgr.h">
      <Filter>Header Files</Filter>
    </ClInclude>
    <ClInclude Include="include\kingdom\world.h">
      <Filter>Header Files\kingdom_internal</Filter>
    </ClInclude>
    <ClInclude Include="include\kingdom\command_draw.h">
      <Filter>Header Files\kingdom_internal</Filter>
    </ClInclude>
    <ClInclude Include="include\kingdom\command_elem.h">
      <Filter>Header Files\kingdom_internal</Filter>
    </ClInclude>
    <ClInclude Include="include\kingdom\shake.h">
      <Filter>Header Files\kingdom_internal</Filter>
    </ClInclude>
    <ClInclude Include="include\kingdom\party.h">
      <Filter>Header Files\kingdom_internal</Filter>
    </ClInclude>
    <ClInclude Include="include\kingdom\friend.h">
      <Filter>Header Files\kingdom_internal</Filter>
    </ClInclude>
    <ClInclude Include="include\kingdom\member.h">
      <Filter>Header Files\kingdom_internal</Filter>
    </ClInclude>
    <ClInclude Include="include\kingdom\objentry.h">
      <Filter>Header Files\kingdom_internal</Filter>
    </ClInclude>
    <ClInclude Include="include\kingdom\weapon_entry.h">
      <Filter>Header Files\kingdom_internal</Filter>
    </ClInclude>
    <ClInclude Include="include\kingdom\weapon.h">
      <Filter>Header Files\kingdom_internal</Filter>
    </ClInclude>
    <ClInclude Include="include\kingdom\item.h">
      <Filter>Header Files\kingdom_internal</Filter>
    </ClInclude>
    <ClInclude Include="include\ini.h">
      <Filter>Header Files</Filter>
    </ClInclude>
    <ClInclude Include="include\kingdom\form_level.h">
      <Filter>Header Files\kingdom_internal</Filter>
    </ClInclude>
    <ClInclude Include="include\kingdom\sequence.h">
      <Filter>Header Files\kingdom_internal</Filter>
    </ClInclude>
    <ClInclude Include="include\kingdom\sprite.h">
      <Filter>Header Files\kingdom_internal</Filter>
    </ClInclude>
    <ClInclude Include="include\kingdom\obj2d.h">
      <Filter>Header Files\kingdom_internal</Filter>
    </ClInclude>
    <ClInclude Include="include\kingdom\info_base.h">
      <Filter>Header Files\kingdom_internal</Filter>
    </ClInclude>
    <ClInclude Include="include\kingdom\exp.h">
      <Filter>Header Files\kingdom_internal</Filter>
    </ClInclude>
    <ClInclude Include="include\kingdom\lockon.h">
      <Filter>Header Files\kingdom_internal</Filter>
    </ClInclude>
    <ClInclude Include="include\kingdom\field2dd.h">
      <Filter>Header Files\kingdom_internal</Filter>
    </ClInclude>
    <ClInclude Include="include\kingdom\panacea_alloc.h">
      <Filter>Header Files\kingdom_internal</Filter>
    </ClInclude>
    <ClInclude Include="include\kingdom\hookconfig.h">
      <Filter>Header Files\kingdom_internal</Filter>
    </ClInclude>
    <ClInclude Include="include\kingdom\region.h">
      <Filter>Header Files\kingdom_internal</Filter>
    </ClInclude>
    <ClInclude Include="include\kingdom\hookintro.h">
      <Filter>Header Files\kingdom_internal</Filter>
    </ClInclude>
    <ClInclude Include="include\kingdom\field.h">
      <Filter>Header Files\kingdom_internal</Filter>
    </ClInclude>
    <ClInclude Include="include\kingdom\sheet.h">
      <Filter>Header Files\kingdom_internal</Filter>
    </ClInclude>
    <ClInclude Include="include\kingdom\fvector.h">
      <Filter>Header Files\kingdom_internal</Filter>
    </ClInclude>
    <ClInclude Include="include\kingdom\iteminfo.h">
      <Filter>Header Files\kingdom_internal</Filter>
    </ClInclude>
    <ClInclude Include="include\kingdom\areainfo.h">
      <Filter>Header Files\kingdom_internal</Filter>
    </ClInclude>
    <ClInclude Include="include\kingdom\voice.h">
      <Filter>Header Files\kingdom_internal</Filter>
    </ClInclude>
    <ClInclude Include="include\kingdom\task.h">
      <Filter>Header Files\kingdom_internal</Filter>
    </ClInclude>
    <ClInclude Include="include\kingdom\binarc.h">
      <Filter>Header Files\kingdom_internal</Filter>
    </ClInclude>
    <ClInclude Include="include\kingdom\cmdata.h">
      <Filter>Header Files\kingdom_internal</Filter>
    </ClInclude>
    <ClInclude Include="include\kingdom\image.h">
      <Filter>Header Files\kingdom_internal</Filter>
    </ClInclude>
    <ClInclude Include="include\kingdom\image_cache.h">
      <Filter>Header Files\kingdom_internal</Filter>
    </ClInclude>
    <ClInclude Include="include\kingdom\save_indicator.h">
      <Filter>Header Files\kingdom_internal</Filter>
    </ClInclude>
    <ClInclude Include="include\kingdom\enemy.h">
      <Filter>Header Files\kingdom_internal</Filter>
    </ClInclude>
    <ClInclude Include="include\kingdom\obj.h">
      <Filter>Header Files\kingdom_internal</Filter>
    </ClInclude>
    <ClInclude Include="include\kingdom\saveram_battle.h">
      <Filter>Header Files\kingdom_internal</Filter>
    </ClInclude>
    <ClInclude Include="include\kingdom\limit.h">
      <Filter>Header Files\kingdom_internal</Filter>
    </ClInclude>
    <ClInclude Include="include\kingdom\collision_data.h">
      <Filter>Header Files\kingdom_internal</Filter>
    </ClInclude>
    <ClInclude Include="include\kingdom\beads.h">
      <Filter>Header Files\kingdom_internal</Filter>
    </ClInclude>
    <ClInclude Include="include\kingdom\newgame.h">
      <Filter>Header Files\kingdom_internal</Filter>
    </ClInclude>
    <ClInclude Include="include\kingdom\menuutil.h">
      <Filter>Header Files\kingdom_internal</Filter>
    </ClInclude>
    <ClInclude Include="include\kingdom\select.h">
      <Filter>Header Files\kingdom_internal</Filter>
    </ClInclude>
    <ClInclude Include="include\kingdom\anti_form.h">
      <Filter>Header Files\kingdom_internal</Filter>
    </ClInclude>
    <ClInclude Include="include\kingdom\sacrifice.h">
      <Filter>Header Files\kingdom_internal</Filter>
    </ClInclude>
    <ClInclude Include="include\kingdom\progress.h">
      <Filter>Header Files\kingdom_internal</Filter>
    </ClInclude>
    <ClInclude Include="include\kingdom\mission.h">
      <Filter>Header Files\kingdom_internal</Filter>
    </ClInclude>
    <ClInclude Include="include\kingdom\pref.h">
      <Filter>Header Files\kingdom_internal</Filter>
    </ClInclude>
    <ClInclude Include="include\kingdom\libretto.h">
      <Filter>Header Files\kingdom_internal</Filter>
    </ClInclude>
    <ClInclude Include="include\kingdom\spritemessage.h">
      <Filter>Header Files\kingdom_internal</Filter>
    </ClInclude>
    <ClInclude Include="include\kingdom\messagedraw.h">
      <Filter>Header Files\kingdom_internal</Filter>
    </ClInclude>
    <ClInclude Include="include\kingdom\circle_mask.h">
      <Filter>Header Files\kingdom_internal</Filter>
    </ClInclude>
    <ClInclude Include="include\kingdom\information_window.h">
      <Filter>Header Files\kingdom_internal</Filter>
    </ClInclude>
    <ClInclude Include="include\kingdom\scis.h">
      <Filter>Header Files\kingdom_internal</Filter>
    </ClInclude>
    <ClInclude Include="include\kingdom\sector_mask.h">
      <Filter>Header Files\kingdom_internal</Filter>
    </ClInclude>
    <ClInclude Include="include\kingdom\mission_gauge.h">
      <Filter>Header Files\kingdom_internal</Filter>
    </ClInclude>
    <ClInclude Include="include\kingdom\command_one.h">
      <Filter>Header Files\kingdom_internal</Filter>
    </ClInclude>
    <ClInclude Include="include\kingdom\level_up.h">
      <Filter>Header Files\kingdom_internal</Filter>
    </ClInclude>
    <ClInclude Include="include\kingdom\mission_count.h">
      <Filter>Header Files\kingdom_internal</Filter>
    </ClInclude>
    <ClInclude Include="include\kingdom\counter.h">
      <Filter>Header Files\kingdom_internal</Filter>
    </ClInclude>
    <ClInclude Include="include\kingdom\timer.h">
      <Filter>Header Files\kingdom_internal</Filter>
    </ClInclude>
    <ClInclude Include="include\kingdom\face.h">
      <Filter>Header Files\kingdom_internal</Filter>
    </ClInclude>
    <ClInclude Include="include\kingdom\limit_table.h">
      <Filter>Header Files\kingdom_internal</Filter>
    </ClInclude>
    <ClInclude Include="include\kingdom\itemshop.h">
      <Filter>Header Files\kingdom_internal</Filter>
    </ClInclude>
    <ClInclude Include="include\kingdom\item_param.h">
      <Filter>Header Files\kingdom_internal</Filter>
    </ClInclude>
    <ClInclude Include="include\kingdom\cmcustom.h">
      <Filter>Header Files\kingdom_internal</Filter>
    </ClInclude>
    <ClInclude Include="include\kingdom\partyinfo.h">
      <Filter>Header Files\kingdom_internal</Filter>
    </ClInclude>
    <ClInclude Include="include\kingdom\cmtop.h">
      <Filter>Header Files\kingdom_internal</Filter>
    </ClInclude>
    <ClInclude Include="include\kingdom\cmcomm.h">
      <Filter>Header Files\kingdom_internal</Filter>
    </ClInclude>
    <ClInclude Include="include\kingdom\menubase.h">
      <Filter>Header Files\kingdom_internal</Filter>
    </ClInclude>
    <ClInclude Include="include\kingdom\selhist.h">
      <Filter>Header Files\kingdom_internal</Filter>
    </ClInclude>
    <ClInclude Include="include\kingdom\friendsaveram.h">
      <Filter>Header Files\kingdom_internal</Filter>
    </ClInclude>
    <ClInclude Include="include\kingdom\cmenuhelp.h">
      <Filter>Header Files\kingdom_internal</Filter>
    </ClInclude>
    <ClInclude Include="include\kingdom\image_freeze.h">
      <Filter>Header Files\kingdom_internal</Filter>
    </ClInclude>
    <ClInclude Include="include\kingdom\layout.h">
      <Filter>Header Files\kingdom_internal</Filter>
    </ClInclude>
    <ClInclude Include="include\kingdom\scrollbar.h">
      <Filter>Header Files\kingdom_internal</Filter>
    </ClInclude>
    <ClInclude Include="include\kingdom\command_menu.h">
      <Filter>Header Files\kingdom_internal</Filter>
    </ClInclude>
  </ItemGroup>
  <ItemGroup>
    <ClCompile Include="src\discord\activity_manager.cpp">
      <Filter>Source Files\discord_sdk</Filter>
    </ClCompile>
    <ClCompile Include="src\discord\application_manager.cpp">
      <Filter>Source Files\discord_sdk</Filter>
    </ClCompile>
    <ClCompile Include="src\discord\core.cpp">
      <Filter>Source Files\discord_sdk</Filter>
    </ClCompile>
    <ClCompile Include="src\discord\image_manager.cpp">
      <Filter>Source Files\discord_sdk</Filter>
    </ClCompile>
    <ClCompile Include="src\discord\lobby_manager.cpp">
      <Filter>Source Files\discord_sdk</Filter>
    </ClCompile>
    <ClCompile Include="src\discord\network_manager.cpp">
      <Filter>Source Files\discord_sdk</Filter>
    </ClCompile>
    <ClCompile Include="src\discord\overlay_manager.cpp">
      <Filter>Source Files\discord_sdk</Filter>
    </ClCompile>
    <ClCompile Include="src\discord\relationship_manager.cpp">
      <Filter>Source Files\discord_sdk</Filter>
    </ClCompile>
    <ClCompile Include="src\discord\storage_manager.cpp">
      <Filter>Source Files\discord_sdk</Filter>
    </ClCompile>
    <ClCompile Include="src\discord\store_manager.cpp">
      <Filter>Source Files\discord_sdk</Filter>
    </ClCompile>
    <ClCompile Include="src\discord\types.cpp">
      <Filter>Source Files\discord_sdk</Filter>
    </ClCompile>
    <ClCompile Include="src\discord\user_manager.cpp">
      <Filter>Source Files\discord_sdk</Filter>
    </ClCompile>
    <ClCompile Include="src\discord\voice_manager.cpp">
      <Filter>Source Files\discord_sdk</Filter>
    </ClCompile>
    <ClCompile Include="src\discord\achievement_manager.cpp">
      <Filter>Source Files\discord_sdk</Filter>
    </ClCompile>
    <ClCompile Include="src\kingdom\cmconfig.cpp">
      <Filter>Source Files\kingdom_internal</Filter>
    </ClCompile>
    <ClCompile Include="src\kingdom\converter.cpp">
      <Filter>Source Files\kingdom_internal</Filter>
    </ClCompile>
    <ClCompile Include="src\kingdom\egs.cpp">
      <Filter>Source Files\kingdom_internal</Filter>
    </ClCompile>
    <ClCompile Include="src\kingdom\event.cpp">
      <Filter>Source Files\kingdom_internal</Filter>
    </ClCompile>
    <ClCompile Include="src\kingdom\file.cpp">
      <Filter>Source Files\kingdom_internal</Filter>
    </ClCompile>
    <ClCompile Include="src\kingdom\gauge.cpp">
      <Filter>Source Files\kingdom_internal</Filter>
    </ClCompile>
    <ClCompile Include="src\kingdom\hardpad.cpp">
      <Filter>Source Files\kingdom_internal</Filter>
    </ClCompile>
    <ClCompile Include="src\kingdom\information.cpp">
      <Filter>Source Files\kingdom_internal</Filter>
    </ClCompile>
    <ClCompile Include="src\kingdom\itempic.cpp">
      <Filter>Source Files\kingdom_internal</Filter>
    </ClCompile>
    <ClCompile Include="src\kingdom\jumpeffect.cpp">
      <Filter>Source Files\kingdom_internal</Filter>
    </ClCompile>
    <ClCompile Include="src\kingdom\magic.cpp">
      <Filter>Source Files\kingdom_internal</Filter>
    </ClCompile>
    <ClCompile Include="src\kingdom\member_table.cpp">
      <Filter>Source Files\kingdom_internal</Filter>
    </ClCompile>
    <ClCompile Include="src\kingdom\menu.cpp">
      <Filter>Source Files\kingdom_internal</Filter>
    </ClCompile>
    <ClCompile Include="src\kingdom\message.cpp">
      <Filter>Source Files\kingdom_internal</Filter>
    </ClCompile>
    <ClCompile Include="src\kingdom\pax.cpp">
      <Filter>Source Files\kingdom_internal</Filter>
    </ClCompile>
    <ClCompile Include="src\kingdom\softreset.cpp">
      <Filter>Source Files\kingdom_internal</Filter>
    </ClCompile>
    <ClCompile Include="src\kingdom\sora.cpp">
      <Filter>Source Files\kingdom_internal</Filter>
    </ClCompile>
    <ClCompile Include="src\kingdom\sound.cpp">
      <Filter>Source Files\kingdom_internal</Filter>
    </ClCompile>
    <ClCompile Include="src\kingdom\steam.cpp">
      <Filter>Source Files\kingdom_internal</Filter>
    </ClCompile>
    <ClCompile Include="src\kingdom\title.cpp">
      <Filter>Source Files\kingdom_internal</Filter>
    </ClCompile>
    <ClCompile Include="src\kingdom\treasure_info.cpp">
      <Filter>Source Files\kingdom_internal</Filter>
    </ClCompile>
    <ClCompile Include="src\kingdom\vsync.cpp">
      <Filter>Source Files\kingdom_internal</Filter>
    </ClCompile>
    <ClCompile Include="src\kingdom\area.cpp">
      <Filter>Source Files\kingdom_internal</Filter>
    </ClCompile>
    <ClCompile Include="src\kingdom\cache_buff.cpp">
      <Filter>Source Files\kingdom_internal</Filter>
    </ClCompile>
    <ClCompile Include="src\continue_menu.cpp">
      <Filter>Source Files\refined_classes</Filter>
    </ClCompile>
    <ClCompile Include="src\kingdom\world.cpp">
      <Filter>Source Files\kingdom_internal</Filter>
    </ClCompile>
    <ClCompile Include="src\kingdom\command_draw.cpp">
      <Filter>Source Files\kingdom_internal</Filter>
    </ClCompile>
    <ClCompile Include="src\kingdom\command_elem.cpp">
      <Filter>Source Files\kingdom_internal</Filter>
    </ClCompile>
    <ClCompile Include="src\kingdom\shake.cpp">
      <Filter>Source Files\kingdom_internal</Filter>
    </ClCompile>
    <ClCompile Include="src\kingdom\party.cpp">
      <Filter>Source Files\kingdom_internal</Filter>
    </ClCompile>
    <ClCompile Include="src\kingdom\friend.cpp">
      <Filter>Source Files\kingdom_internal</Filter>
    </ClCompile>
    <ClCompile Include="src\kingdom\member.cpp">
      <Filter>Source Files\kingdom_internal</Filter>
    </ClCompile>
    <ClCompile Include="src\kingdom\objentry.cpp">
      <Filter>Source Files\kingdom_internal</Filter>
    </ClCompile>
    <ClCompile Include="src\kingdom\weapon_entry.cpp">
      <Filter>Source Files\kingdom_internal</Filter>
    </ClCompile>
    <ClCompile Include="src\kingdom\weapon.cpp">
      <Filter>Source Files\kingdom_internal</Filter>
    </ClCompile>
    <ClCompile Include="src\kingdom\weapon_mset.cpp">
      <Filter>Source Files\kingdom_internal</Filter>
    </ClCompile>
    <ClCompile Include="include\kingdom\weapon_mset.h">
      <Filter>Header Files\kingdom_internal</Filter>
    </ClCompile>
    <ClCompile Include="src\kingdom\item.cpp">
      <Filter>Source Files\kingdom_internal</Filter>
    </ClCompile>
    <ClCompile Include="src\kingdom\form_level.cpp">
      <Filter>Source Files\kingdom_internal</Filter>
    </ClCompile>
    <ClCompile Include="src\kingdom\sequence.cpp">
      <Filter>Source Files\kingdom_internal</Filter>
    </ClCompile>
    <ClCompile Include="src\kingdom\obj2d.cpp">
      <Filter>Source Files\kingdom_internal</Filter>
    </ClCompile>
    <ClCompile Include="src\kingdom\lockon.cpp">
      <Filter>Source Files\kingdom_internal</Filter>
    </ClCompile>
    <ClCompile Include="src\kingdom\field2dd.cpp">
      <Filter>Source Files\kingdom_internal</Filter>
    </ClCompile>
    <ClCompile Include="src\kingdom\sprite.cpp">
      <Filter>Source Files\kingdom_internal</Filter>
    </ClCompile>
    <ClCompile Include="src\kingdom\info_base.cpp">
      <Filter>Source Files\kingdom_internal</Filter>
    </ClCompile>
    <ClCompile Include="src\kingdom\exp.cpp">
      <Filter>Source Files\kingdom_internal</Filter>
    </ClCompile>
    <ClCompile Include="src\kingdom\hookconfig.cpp">
      <Filter>Source Files\kingdom_internal</Filter>
    </ClCompile>
    <ClCompile Include="src\kingdom\panacea_alloc.cpp">
      <Filter>Source Files\kingdom_internal</Filter>
    </ClCompile>
    <ClCompile Include="src\kingdom\region.cpp">
      <Filter>Source Files\kingdom_internal</Filter>
    </ClCompile>
    <ClCompile Include="src\dllmain.cpp">
      <Filter>Source Files</Filter>
    </ClCompile>
    <ClCompile Include="src\kingdom\hookintro.cpp">
      <Filter>Source Files\kingdom_internal</Filter>
    </ClCompile>
    <ClCompile Include="src\kingdom\field.cpp">
      <Filter>Source Files\kingdom_internal</Filter>
    </ClCompile>
    <ClCompile Include="src\kingdom\sheet.cpp">
      <Filter>Source Files\kingdom_internal</Filter>
    </ClCompile>
    <ClCompile Include="src\kingdom\fvector.cpp">
      <Filter>Source Files\kingdom_internal</Filter>
    </ClCompile>
    <ClCompile Include="include\kingdom\item_table.h">
      <Filter>Header Files\kingdom_internal</Filter>
    </ClCompile>
    <ClCompile Include="src\kingdom\item_table.cpp">
      <Filter>Source Files\kingdom_internal</Filter>
    </ClCompile>
    <ClCompile Include="src\kingdom\iteminfo.cpp">
      <Filter>Source Files\kingdom_internal</Filter>
    </ClCompile>
    <ClCompile Include="src\kingdom\areainfo.cpp">
      <Filter>Source Files\kingdom_internal</Filter>
    </ClCompile>
    <ClCompile Include="src\kingdom\voice.cpp">
      <Filter>Source Files\kingdom_internal</Filter>
    </ClCompile>
    <ClCompile Include="src\kingdom\task.cpp">
      <Filter>Source Files\kingdom_internal</Filter>
    </ClCompile>
    <ClCompile Include="src\kingdom\binarc.cpp">
      <Filter>Source Files\kingdom_internal</Filter>
    </ClCompile>
    <ClCompile Include="src\kingdom\cmdata.cpp">
      <Filter>Source Files\kingdom_internal</Filter>
    </ClCompile>
    <ClCompile Include="src\kingdom\image.cpp">
      <Filter>Source Files\kingdom_internal</Filter>
    </ClCompile>
    <ClCompile Include="src\kingdom\image_cache.cpp">
      <Filter>Source Files\kingdom_internal</Filter>
    </ClCompile>
    <ClCompile Include="src\kingdom\save_indicator.cpp">
      <Filter>Source Files\kingdom_internal</Filter>
    </ClCompile>
    <ClCompile Include="src\kingdom\enemy.cpp">
      <Filter>Source Files\kingdom_internal</Filter>
    </ClCompile>
    <ClCompile Include="src\kingdom\obj.cpp">
      <Filter>Source Files\kingdom_internal</Filter>
    </ClCompile>
    <ClCompile Include="src\kingdom\saveram_battle.cpp">
      <Filter>Source Files\kingdom_internal</Filter>
    </ClCompile>
    <ClCompile Include="src\kingdom\limit.cpp">
      <Filter>Source Files\kingdom_internal</Filter>
    </ClCompile>
    <ClCompile Include="src\kingdom\collision_data.cpp">
      <Filter>Source Files\kingdom_internal</Filter>
    </ClCompile>
    <ClCompile Include="src\kingdom\beads.cpp">
      <Filter>Source Files\kingdom_internal</Filter>
    </ClCompile>
    <ClCompile Include="src\kingdom\newgame.cpp">
      <Filter>Source Files\kingdom_internal</Filter>
    </ClCompile>
    <ClCompile Include="src\kingdom\menuutil.cpp">
      <Filter>Source Files\kingdom_internal</Filter>
    </ClCompile>
    <ClCompile Include="src\kingdom\select.cpp">
      <Filter>Source Files\kingdom_internal</Filter>
    </ClCompile>
    <ClCompile Include="src\kingdom\anti_form.cpp">
      <Filter>Source Files\kingdom_internal</Filter>
    </ClCompile>
    <ClCompile Include="src\kingdom\sacrifice.cpp">
      <Filter>Source Files\kingdom_internal</Filter>
    </ClCompile>
    <ClCompile Include="src\kingdom\progress.cpp">
      <Filter>Source Files\kingdom_internal</Filter>
    </ClCompile>
    <ClCompile Include="src\kingdom\mission.cpp">
      <Filter>Source Files\kingdom_internal</Filter>
    </ClCompile>
    <ClCompile Include="src\kingdom\pref.cpp">
      <Filter>Source Files\kingdom_internal</Filter>
    </ClCompile>
    <ClCompile Include="src\kingdom\libretto.cpp">
      <Filter>Source Files\kingdom_internal</Filter>
    </ClCompile>
    <ClCompile Include="src\kingdom\spritemessage.cpp">
      <Filter>Source Files\kingdom_internal</Filter>
    </ClCompile>
    <ClCompile Include="src\kingdom\messagedraw.cpp">
      <Filter>Source Files\kingdom_internal</Filter>
    </ClCompile>
    <ClCompile Include="src\kingdom\circle_mask.cpp">
      <Filter>Source Files\kingdom_internal</Filter>
    </ClCompile>
    <ClCompile Include="src\kingdom\information_window.cpp">
      <Filter>Source Files\kingdom_internal</Filter>
    </ClCompile>
    <ClCompile Include="src\kingdom\scis.cpp">
      <Filter>Source Files\kingdom_internal</Filter>
    </ClCompile>
    <ClCompile Include="src\kingdom\sector_mask.cpp">
      <Filter>Source Files\kingdom_internal</Filter>
    </ClCompile>
    <ClCompile Include="src\kingdom\mission_gauge.cpp">
      <Filter>Source Files\kingdom_internal</Filter>
    </ClCompile>
    <ClCompile Include="src\kingdom\command_one.cpp">
      <Filter>Source Files\kingdom_internal</Filter>
    </ClCompile>
    <ClCompile Include="src\kingdom\level_up.cpp">
      <Filter>Source Files\kingdom_internal</Filter>
    </ClCompile>
    <ClCompile Include="src\kingdom\mission_count.cpp">
      <Filter>Source Files\kingdom_internal</Filter>
    </ClCompile>
    <ClCompile Include="src\kingdom\counter.cpp">
      <Filter>Source Files\kingdom_internal</Filter>
    </ClCompile>
    <ClCompile Include="src\kingdom\timer.cpp">
      <Filter>Source Files\kingdom_internal</Filter>
    </ClCompile>
    <ClCompile Include="src\kingdom\face.cpp">
      <Filter>Source Files\kingdom_internal</Filter>
    </ClCompile>
    <ClCompile Include="src\kingdom\limit_table.cpp">
      <Filter>Source Files\kingdom_internal</Filter>
    </ClCompile>
    <ClCompile Include="src\kingdom\axa.cpp">
      <Filter>Source Files\kingdom_internal</Filter>
    </ClCompile>
    <ClCompile Include="src\kingdom\itemshop.cpp">
      <Filter>Source Files\kingdom_internal</Filter>
    </ClCompile>
    <ClCompile Include="src\kingdom\item_param.cpp">
      <Filter>Source Files\kingdom_internal</Filter>
    </ClCompile>
    <ClCompile Include="src\kingdom\cmcustom.cpp">
      <Filter>Source Files\kingdom_internal</Filter>
    </ClCompile>
    <ClCompile Include="src\kingdom\partyinfo.cpp">
      <Filter>Source Files\kingdom_internal</Filter>
    </ClCompile>
    <ClCompile Include="src\kingdom\cmtop.cpp">
      <Filter>Source Files\kingdom_internal</Filter>
    </ClCompile>
    <ClCompile Include="src\kingdom\cmcomm.cpp">
      <Filter>Source Files\kingdom_internal</Filter>
    </ClCompile>
    <ClCompile Include="src\kingdom\menubase.cpp">
      <Filter>Source Files\kingdom_internal</Filter>
    </ClCompile>
    <ClCompile Include="src\kingdom\selhist.cpp">
      <Filter>Source Files\kingdom_internal</Filter>
    </ClCompile>
    <ClCompile Include="src\kingdom\friendsaveram.cpp">
      <Filter>Source Files\kingdom_internal</Filter>
    </ClCompile>
    <ClCompile Include="src\kingdom\cmenuhelp.cpp">
      <Filter>Source Files\kingdom_internal</Filter>
    </ClCompile>
    <ClCompile Include="src\kingdom\image_freeze.cpp">
      <Filter>Source Files\kingdom_internal</Filter>
    </ClCompile>
    <ClCompile Include="src\kingdom\layout.cpp">
      <Filter>Source Files\kingdom_internal</Filter>
    </ClCompile>
    <ClCompile Include="src\kingdom\scrollbar.cpp">
      <Filter>Source Files\kingdom_internal</Filter>
    </ClCompile>
    <ClCompile Include="src\kingdom\command_menu.cpp">
      <Filter>Source Files\kingdom_internal</Filter>
    </ClCompile>
  </ItemGroup>
</Project>